
Microsoft Visual Studio Solution File, Format Version 12.00
# Visual Studio Version 17
VisualStudioVersion = 17.4.33213.308
MinimumVisualStudioVersion = 10.0.40219.1
Project("{FAE04EC0-301F-11D3-BF4B-00C04F79EFBC}") = "DbgSharp", "DbgSharp\DbgSharp.csproj", "{87E50403-9745-4969-9FDF-7C7EBCC90C90}"
EndProject
Global
	GlobalSection(SolutionConfigurationPlatforms) = preSolution
		Debug|Any CPU = Debug|Any CPU
		Release|Any CPU = Release|Any CPU
	EndGlobalSection
	GlobalSection(ProjectConfigurationPlatforms) = postSolution
		{87E50403-9745-4969-9FDF-7C7EBCC90C90}.Debug|Any CPU.ActiveCfg = Debug|Any CPU
		{87E50403-9745-4969-9FDF-7C7EBCC90C90}.Debug|Any CPU.Build.0 = Debug|Any CPU
		{87E50403-9745-4969-9FDF-7C7EBCC90C90}.Release|Any CPU.ActiveCfg = Release|Any CPU
		{87E50403-9745-4969-9FDF-7C7EBCC90C90}.Release|Any CPU.Build.0 = Release|Any CPU
	EndGlobalSection
	GlobalSection(SolutionProperties) = preSolution
		HideSolutionNode = FALSE
	EndGlobalSection
	GlobalSection(ExtensibilityGlobals) = postSolution
		SolutionGuid = {6010F4D9-6BE4-473C-94EB-EB08A1EF6F73}
	EndGlobalSection
EndGlobal
